
Microsoft Visual Studio Solution File, Format Version 12.00
# Visual Studio Version 16
VisualStudioVersion = 16.0.29326.143
MinimumVisualStudioVersion = 10.0.40219.1
Project("{9A19103F-16F7-4668-BE54-9A1E7A4F7556}") = "Web API", "Web API\Web API.csproj", "{BA7EF43A-5AF8-4733-B721-43B37D346C18}"
EndProject
Project("{FAE04EC0-301F-11D3-BF4B-00C04F79EFBC}") = "Reworked Web API", "Reworked Web API\Reworked Web API.csproj", "{EC225E81-BE89-4FF4-9A0F-0024A751C3FD}"
EndProject
Project("{FAE04EC0-301F-11D3-BF4B-00C04F79EFBC}") = "Logging", "Logging\Logging.csproj", "{916EE583-EBFB-45C6-8EB6-A3629CCB4F1B}"
EndProject
Global
	GlobalSection(SolutionConfigurationPlatforms) = preSolution
		Debug|Any CPU = Debug|Any CPU
		Release|Any CPU = Release|Any CPU
	EndGlobalSection
	GlobalSection(ProjectConfigurationPlatforms) = postSolution
		{BA7EF43A-5AF8-4733-B721-43B37D346C18}.Debug|Any CPU.ActiveCfg = Debug|Any CPU
		{BA7EF43A-5AF8-4733-B721-43B37D346C18}.Debug|Any CPU.Build.0 = Debug|Any CPU
		{BA7EF43A-5AF8-4733-B721-43B37D346C18}.Release|Any CPU.ActiveCfg = Release|Any CPU
		{BA7EF43A-5AF8-4733-B721-43B37D346C18}.Release|Any CPU.Build.0 = Release|Any CPU
		{EC225E81-BE89-4FF4-9A0F-0024A751C3FD}.Debug|Any CPU.ActiveCfg = Debug|Any CPU
		{EC225E81-BE89-4FF4-9A0F-0024A751C3FD}.Debug|Any CPU.Build.0 = Debug|Any CPU
		{EC225E81-BE89-4FF4-9A0F-0024A751C3FD}.Release|Any CPU.ActiveCfg = Release|Any CPU
		{EC225E81-BE89-4FF4-9A0F-0024A751C3FD}.Release|Any CPU.Build.0 = Release|Any CPU
		{916EE583-EBFB-45C6-8EB6-A3629CCB4F1B}.Debug|Any CPU.ActiveCfg = Debug|Any CPU
		{916EE583-EBFB-45C6-8EB6-A3629CCB4F1B}.Debug|Any CPU.Build.0 = Debug|Any CPU
		{916EE583-EBFB-45C6-8EB6-A3629CCB4F1B}.Release|Any CPU.ActiveCfg = Release|Any CPU
		{916EE583-EBFB-45C6-8EB6-A3629CCB4F1B}.Release|Any CPU.Build.0 = Release|Any CPU
	EndGlobalSection
	GlobalSection(SolutionProperties) = preSolution
		HideSolutionNode = FALSE
	EndGlobalSection
	GlobalSection(ExtensibilityGlobals) = postSolution
		SolutionGuid = {2A494899-35E9-4C1D-AB98-ED409E610D49}
	EndGlobalSection
EndGlobal
